// !$*UTF8*$!
{
	archiveVersion = 1;
	classes = {
	};
	objectVersion = 60;
	objects = {

/* Begin PBXBuildFile section */
		B2030E052BCCF0F600CE0EDF /* StoneTower_0_stone.swift in Sources */ = {isa = PBXBuildFile; fileRef = B2030E042BCCF0F600CE0EDF /* StoneTower_0_stone.swift */; };
		B20902302B94577700B26E8B /* recalculateVisualValues_drs.swift in Sources */ = {isa = PBXBuildFile; fileRef = B209022F2B94577700B26E8B /* recalculateVisualValues_drs.swift */; };
		B2102B142BA5CCCD0041C8FB /* QuestStatisticsInDetail.swift in Sources */ = {isa = PBXBuildFile; fileRef = B2102B132BA5CCCD0041C8FB /* QuestStatisticsInDetail.swift */; };
		B220DA2E2B612EB60039160C /* colorFunc.swift in Sources */ = {isa = PBXBuildFile; fileRef = B220DA2D2B612EB60039160C /* colorFunc.swift */; };
		B220DA3A2B6261460039160C /* StoneTower_1.swift in Sources */ = {isa = PBXBuildFile; fileRef = B220DA392B6261460039160C /* StoneTower_1.swift */; };
		B220DA3C2B6268260039160C /* RecordInDetailView.swift in Sources */ = {isa = PBXBuildFile; fileRef = B220DA3B2B6268260039160C /* RecordInDetailView.swift */; };
		B220DA422B6426880039160C /* StoneTower_1_sharedFunc.swift in Sources */ = {isa = PBXBuildFile; fileRef = B220DA412B6426880039160C /* StoneTower_1_sharedFunc.swift */; };
		B220DA442B6519C20039160C /* stoneTower_backgroundThemes.swift in Sources */ = {isa = PBXBuildFile; fileRef = B220DA432B6519C20039160C /* stoneTower_backgroundThemes.swift */; };
		B220DA462B6524F50039160C /* themeNames.swift in Sources */ = {isa = PBXBuildFile; fileRef = B220DA452B6524F50039160C /* themeNames.swift */; };
		B2314BBF2AF4DD7400EDD5C7 /* stone_default1.xcassets in Resources */ = {isa = PBXBuildFile; fileRef = B2314BBE2AF4DD7400EDD5C7 /* stone_default1.xcassets */; };
		B247D24B2A6D1DA100E457FB /* customMathFunc.swift in Sources */ = {isa = PBXBuildFile; fileRef = B247D24A2A6D1DA100E457FB /* customMathFunc.swift */; };
		B25BF9052B1C886E0039F1F9 /* ResizableText.swift in Sources */ = {isa = PBXBuildFile; fileRef = B25BF9042B1C886E0039F1F9 /* ResizableText.swift */; };
		B260A3912A9B88AE00D73208 /* MainView_checklist.swift in Sources */ = {isa = PBXBuildFile; fileRef = B260A3902A9B88AE00D73208 /* MainView_checklist.swift */; };
		B260A3942A9B8B8F00D73208 /* MainView_QuestInventory.swift in Sources */ = {isa = PBXBuildFile; fileRef = B260A3932A9B8B8F00D73208 /* MainView_QuestInventory.swift */; };
		B260A39A2A9C759B00D73208 /* MainView_SeeMyDailyRecord.swift in Sources */ = {isa = PBXBuildFile; fileRef = B260A3992A9C759B00D73208 /* MainView_SeeMyDailyRecord.swift */; };
		B262F2432A86460E00868F27 /* rawData.swift in Sources */ = {isa = PBXBuildFile; fileRef = B262F2422A86460E00868F27 /* rawData.swift */; };
		B262F2452A86464700868F27 /* metaData.swift in Sources */ = {isa = PBXBuildFile; fileRef = B262F2442A86464700868F27 /* metaData.swift */; };
		B262F2472A86466700868F27 /* uiData.swift in Sources */ = {isa = PBXBuildFile; fileRef = B262F2462A86466700868F27 /* uiData.swift */; };
		B262F2492A86467E00868F27 /* simpleMetaData.swift in Sources */ = {isa = PBXBuildFile; fileRef = B262F2482A86467E00868F27 /* simpleMetaData.swift */; };
		B265D26C2B032D30002E51A8 /* randomColorFunc.swift in Sources */ = {isa = PBXBuildFile; fileRef = B265D26B2B032D30002E51A8 /* randomColorFunc.swift */; };
		B265D27B2B04976E002E51A8 /* themeData.swift in Sources */ = {isa = PBXBuildFile; fileRef = B265D27A2B04976E002E51A8 /* themeData.swift */; };
		B265D27D2B0497D0002E51A8 /* callTheme.swift in Sources */ = {isa = PBXBuildFile; fileRef = B265D27C2B0497D0002E51A8 /* callTheme.swift */; };
		B265D2812B049DF9002E51A8 /* dailyRecordStoneAction.swift in Sources */ = {isa = PBXBuildFile; fileRef = B265D2802B049DF9002E51A8 /* dailyRecordStoneAction.swift */; };
		B265D2852B049FBA002E51A8 /* theme.swift in Sources */ = {isa = PBXBuildFile; fileRef = B265D2842B049FBA002E51A8 /* theme.swift */; };
		B27A5CEE2B14764A0042ADF6 /* dataType.swift in Sources */ = {isa = PBXBuildFile; fileRef = B27A5CED2B14764A0042ADF6 /* dataType.swift */; };
		B27A5CF12B15C9D50042ADF6 /* questBar.xcassets in Resources */ = {isa = PBXBuildFile; fileRef = B27A5CF02B15C9D50042ADF6 /* questBar.xcassets */; };
		B27CBB592BA41E6C00CD6CD3 /* recalculateVisualValues_dr.swift in Sources */ = {isa = PBXBuildFile; fileRef = B27CBB582BA41E6C00CD6CD3 /* recalculateVisualValues_dr.swift */; };
		B283397D2AFB97E9009AEB2A /* calendarFunc.swift in Sources */ = {isa = PBXBuildFile; fileRef = B283397C2AFB97E9009AEB2A /* calendarFunc.swift */; };
		B29C702E2A35C5E30046873E /* recoraddicApp.swift in Sources */ = {isa = PBXBuildFile; fileRef = B29C702D2A35C5E30046873E /* recoraddicApp.swift */; };
		B29C70302A35C5E30046873E /* ContentView.swift in Sources */ = {isa = PBXBuildFile; fileRef = B29C702F2A35C5E30046873E /* ContentView.swift */; };
		B29C70322A35C5E40046873E /* Assets.xcassets in Resources */ = {isa = PBXBuildFile; fileRef = B29C70312A35C5E40046873E /* Assets.xcassets */; };
		B29C70362A35C5E40046873E /* Preview Assets.xcassets in Resources */ = {isa = PBXBuildFile; fileRef = B29C70352A35C5E40046873E /* Preview Assets.xcassets */; };
		B2A8FA9B2B3BF6CC00B3C1C1 /* facialExpression.xcassets in Resources */ = {isa = PBXBuildFile; fileRef = B2A8FA9A2B3BF6CC00B3C1C1 /* facialExpression.xcassets */; };
		B2ABB25D2B10BBDE00870DE0 /* PopupViewLayout.swift in Sources */ = {isa = PBXBuildFile; fileRef = B2ABB25C2B10BBDE00870DE0 /* PopupViewLayout.swift */; };
		B2ABC2652B4293680056C637 /* purposeTags.swift in Sources */ = {isa = PBXBuildFile; fileRef = B2ABC2642B4293680056C637 /* purposeTags.swift */; };
		B2ABC2672B42A2C50056C637 /* purposeImage.xcassets in Resources */ = {isa = PBXBuildFile; fileRef = B2ABC2662B42A2C50056C637 /* purposeImage.xcassets */; };
		B2AECB872B4EDA4F0020A937 /* ExampleData.swift in Sources */ = {isa = PBXBuildFile; fileRef = B2AECB862B4EDA4F0020A937 /* ExampleData.swift */; };
		B2AECB892B5139F90020A937 /* DismissingKeyboard.swift in Sources */ = {isa = PBXBuildFile; fileRef = B2AECB882B5139F90020A937 /* DismissingKeyboard.swift */; };
		B2B28DBD2AC5D69D0071531B /* MainView_ProfileAndSettings.swift in Sources */ = {isa = PBXBuildFile; fileRef = B2B28DB22AC5D69D0071531B /* MainView_ProfileAndSettings.swift */; };
		B2B6B1922B47F8F3006DDCBE /* defaultImages.xcassets in Resources */ = {isa = PBXBuildFile; fileRef = B2B6B1912B47F8F3006DDCBE /* defaultImages.xcassets */; };
		B2BA88FA2B2B0D4500A3D50E /* defaultVariables.swift in Sources */ = {isa = PBXBuildFile; fileRef = B2BA88F92B2B0D4500A3D50E /* defaultVariables.swift */; };
		B2BA88FD2B2F171600A3D50E /* AddQuestCheckboxDataView.swift in Sources */ = {isa = PBXBuildFile; fileRef = B2BA88FC2B2F171600A3D50E /* AddQuestCheckboxDataView.swift */; };
		B2BA88FF2B2F172200A3D50E /* AddEventView.swift in Sources */ = {isa = PBXBuildFile; fileRef = B2BA88FE2B2F172200A3D50E /* AddEventView.swift */; };
		B2BA89012B2F172E00A3D50E /* AddDiaryView.swift in Sources */ = {isa = PBXBuildFile; fileRef = B2BA89002B2F172E00A3D50E /* AddDiaryView.swift */; };
		B2BA89032B30A71C00A3D50E /* QuestCheckBoxView.swift in Sources */ = {isa = PBXBuildFile; fileRef = B2BA89022B30A71C00A3D50E /* QuestCheckBoxView.swift */; };
		B2BA89052B30A73100A3D50E /* EventCheckBoxView.swift in Sources */ = {isa = PBXBuildFile; fileRef = B2BA89042B30A73100A3D50E /* EventCheckBoxView.swift */; };
		B2BA89072B32CA5600A3D50E /* textFieldMaxLength.swift in Sources */ = {isa = PBXBuildFile; fileRef = B2BA89062B32CA5600A3D50E /* textFieldMaxLength.swift */; };
		B2BA890A2B32E0EB00A3D50E /* DiaryView.swift in Sources */ = {isa = PBXBuildFile; fileRef = B2BA89092B32E0EB00A3D50E /* DiaryView.swift */; };
		B2BA89102B36BDC600A3D50E /* SaveDailyRecordView.swift in Sources */ = {isa = PBXBuildFile; fileRef = B2BA890F2B36BDC600A3D50E /* SaveDailyRecordView.swift */; };
		B2BAEDD92AE65DD50099489B /* steppedForward_default.xcassets in Resources */ = {isa = PBXBuildFile; fileRef = B2BAEDD82AE65DD50099489B /* steppedForward_default.xcassets */; };
		B2CD40082BB2CE9100BECC5E /* StoneTower1_stones.swift in Sources */ = {isa = PBXBuildFile; fileRef = B2CD40072BB2CE9100BECC5E /* StoneTower1_stones.swift */; };
		B2D7AD032B91C5440045C9EA /* SyncManager.swift in Sources */ = {isa = PBXBuildFile; fileRef = B2D7AD022B91C5440045C9EA /* SyncManager.swift */; };
		B2D7AD052B92E29D0045C9EA /* logger.swift in Sources */ = {isa = PBXBuildFile; fileRef = B2D7AD042B92E29D0045C9EA /* logger.swift */; };
		B2D7AD082B9451920045C9EA /* StartNewRecordSet.swift in Sources */ = {isa = PBXBuildFile; fileRef = B2D7AD072B9451920045C9EA /* StartNewRecordSet.swift */; };
		B2D8F9692B73AA6A00423AFC /* Localizable.xcstrings in Resources */ = {isa = PBXBuildFile; fileRef = B2D8F9682B73AA6A00423AFC /* Localizable.xcstrings */; };
		B2D8F96B2B7533D700423AFC /* fires.xcassets in Resources */ = {isa = PBXBuildFile; fileRef = B2D8F96A2B7533D700423AFC /* fires.xcassets */; };
		B2D8F96D2B75ECB800423AFC /* FireView.swift in Sources */ = {isa = PBXBuildFile; fileRef = B2D8F96C2B75ECB800423AFC /* FireView.swift */; };
		B2D8F96F2B75F46A00423AFC /* dataFunctions.swift in Sources */ = {isa = PBXBuildFile; fileRef = B2D8F96E2B75F46A00423AFC /* dataFunctions.swift */; };
		B2E1AB712B24D6E300EBF359 /* TextFieldForHour.swift in Sources */ = {isa = PBXBuildFile; fileRef = B2E1AB702B24D6E300EBF359 /* TextFieldForHour.swift */; };
		B2E552282BC297A400ACA5A8 /* StoneTower_0.swift in Sources */ = {isa = PBXBuildFile; fileRef = B2E552272BC297A400ACA5A8 /* StoneTower_0.swift */; };
		B2E5522B2BC2989000ACA5A8 /* stoneTower_shared.swift in Sources */ = {isa = PBXBuildFile; fileRef = B2E5522A2BC2989000ACA5A8 /* stoneTower_shared.swift */; };
		B2E5522F2BC29E2700ACA5A8 /* StoneTower_0_sharedFunc.swift in Sources */ = {isa = PBXBuildFile; fileRef = B2E5522E2BC29E2700ACA5A8 /* StoneTower_0_sharedFunc.swift */; };
		B2FB22002B1367DC00AB17FA /* buttonsView.swift in Sources */ = {isa = PBXBuildFile; fileRef = B2FB21FF2B1367DC00AB17FA /* buttonsView.swift */; };
		B2FB726F2A8762810012EBE1 /* customArrayFunc.swift in Sources */ = {isa = PBXBuildFile; fileRef = B2FB726E2A8762810012EBE1 /* customArrayFunc.swift */; };
/* End PBXBuildFile section */

/* Begin PBXFileReference section */
		B2030E042BCCF0F600CE0EDF /* StoneTower_0_stone.swift */ = {isa = PBXFileReference; lastKnownFileType = sourcecode.swift; path = StoneTower_0_stone.swift; sourceTree = "<group>"; };
		B209022F2B94577700B26E8B /* recalculateVisualValues_drs.swift */ = {isa = PBXFileReference; lastKnownFileType = sourcecode.swift; path = recalculateVisualValues_drs.swift; sourceTree = "<group>"; };
		B2102B132BA5CCCD0041C8FB /* QuestStatisticsInDetail.swift */ = {isa = PBXFileReference; lastKnownFileType = sourcecode.swift; path = QuestStatisticsInDetail.swift; sourceTree = "<group>"; };
		B220DA2D2B612EB60039160C /* colorFunc.swift */ = {isa = PBXFileReference; lastKnownFileType = sourcecode.swift; path = colorFunc.swift; sourceTree = "<group>"; };
		B220DA392B6261460039160C /* StoneTower_1.swift */ = {isa = PBXFileReference; lastKnownFileType = sourcecode.swift; path = StoneTower_1.swift; sourceTree = "<group>"; };
		B220DA3B2B6268260039160C /* RecordInDetailView.swift */ = {isa = PBXFileReference; lastKnownFileType = sourcecode.swift; path = RecordInDetailView.swift; sourceTree = "<group>"; };
		B220DA412B6426880039160C /* StoneTower_1_sharedFunc.swift */ = {isa = PBXFileReference; lastKnownFileType = sourcecode.swift; path = StoneTower_1_sharedFunc.swift; sourceTree = "<group>"; };
		B220DA432B6519C20039160C /* stoneTower_backgroundThemes.swift */ = {isa = PBXFileReference; lastKnownFileType = sourcecode.swift; path = stoneTower_backgroundThemes.swift; sourceTree = "<group>"; };
		B220DA452B6524F50039160C /* themeNames.swift */ = {isa = PBXFileReference; lastKnownFileType = sourcecode.swift; path = themeNames.swift; sourceTree = "<group>"; };
		B2314BBA2AECD7DB00EDD5C7 /* idea&plan&simpleNote.md */ = {isa = PBXFileReference; lastKnownFileType = net.daringfireball.markdown; path = "idea&plan&simpleNote.md"; sourceTree = "<group>"; };
		B2314BBE2AF4DD7400EDD5C7 /* stone_default1.xcassets */ = {isa = PBXFileReference; lastKnownFileType = folder.assetcatalog; path = stone_default1.xcassets; sourceTree = "<group>"; };
		B234C6EC2BC564CA0031BAD7 /* LICENSE */ = {isa = PBXFileReference; lastKnownFileType = text; path = LICENSE; sourceTree = "<group>"; };
		B247D24A2A6D1DA100E457FB /* customMathFunc.swift */ = {isa = PBXFileReference; lastKnownFileType = sourcecode.swift; path = customMathFunc.swift; sourceTree = "<group>"; };
		B25BF9042B1C886E0039F1F9 /* ResizableText.swift */ = {isa = PBXFileReference; lastKnownFileType = sourcecode.swift; path = ResizableText.swift; sourceTree = "<group>"; };
		B2600B062A35E1FF00E00D91 /* what_I_learned.md */ = {isa = PBXFileReference; lastKnownFileType = net.daringfireball.markdown; path = what_I_learned.md; sourceTree = "<group>"; };
		B260A3902A9B88AE00D73208 /* MainView_checklist.swift */ = {isa = PBXFileReference; lastKnownFileType = sourcecode.swift; path = MainView_checklist.swift; sourceTree = "<group>"; };
		B260A3932A9B8B8F00D73208 /* MainView_QuestInventory.swift */ = {isa = PBXFileReference; lastKnownFileType = sourcecode.swift; path = MainView_QuestInventory.swift; sourceTree = "<group>"; };
		B260A3992A9C759B00D73208 /* MainView_SeeMyDailyRecord.swift */ = {isa = PBXFileReference; lastKnownFileType = sourcecode.swift; path = MainView_SeeMyDailyRecord.swift; sourceTree = "<group>"; };
		B260A39D2A9C7FAA00D73208 /* note.md */ = {isa = PBXFileReference; lastKnownFileType = net.daringfireball.markdown; path = note.md; sourceTree = "<group>"; };
		B262F2422A86460E00868F27 /* rawData.swift */ = {isa = PBXFileReference; lastKnownFileType = sourcecode.swift; path = rawData.swift; sourceTree = "<group>"; };
		B262F2442A86464700868F27 /* metaData.swift */ = {isa = PBXFileReference; lastKnownFileType = sourcecode.swift; path = metaData.swift; sourceTree = "<group>"; };
		B262F2462A86466700868F27 /* uiData.swift */ = {isa = PBXFileReference; lastKnownFileType = sourcecode.swift; path = uiData.swift; sourceTree = "<group>"; };
		B262F2482A86467E00868F27 /* simpleMetaData.swift */ = {isa = PBXFileReference; lastKnownFileType = sourcecode.swift; path = simpleMetaData.swift; sourceTree = "<group>"; };
		B265D26B2B032D30002E51A8 /* randomColorFunc.swift */ = {isa = PBXFileReference; lastKnownFileType = sourcecode.swift; path = randomColorFunc.swift; sourceTree = "<group>"; };
		B265D27A2B04976E002E51A8 /* themeData.swift */ = {isa = PBXFileReference; lastKnownFileType = sourcecode.swift; path = themeData.swift; sourceTree = "<group>"; };
		B265D27C2B0497D0002E51A8 /* callTheme.swift */ = {isa = PBXFileReference; lastKnownFileType = sourcecode.swift; path = callTheme.swift; sourceTree = "<group>"; };
		B265D2802B049DF9002E51A8 /* dailyRecordStoneAction.swift */ = {isa = PBXFileReference; lastKnownFileType = sourcecode.swift; path = dailyRecordStoneAction.swift; sourceTree = "<group>"; };
		B265D2842B049FBA002E51A8 /* theme.swift */ = {isa = PBXFileReference; lastKnownFileType = sourcecode.swift; path = theme.swift; sourceTree = "<group>"; };
		B27A5CED2B14764A0042ADF6 /* dataType.swift */ = {isa = PBXFileReference; lastKnownFileType = sourcecode.swift; path = dataType.swift; sourceTree = "<group>"; };
		B27A5CF02B15C9D50042ADF6 /* questBar.xcassets */ = {isa = PBXFileReference; lastKnownFileType = folder.assetcatalog; path = questBar.xcassets; sourceTree = "<group>"; };
		B27CBB582BA41E6C00CD6CD3 /* recalculateVisualValues_dr.swift */ = {isa = PBXFileReference; lastKnownFileType = sourcecode.swift; path = recalculateVisualValues_dr.swift; sourceTree = "<group>"; };
		B283397C2AFB97E9009AEB2A /* calendarFunc.swift */ = {isa = PBXFileReference; lastKnownFileType = sourcecode.swift; path = calendarFunc.swift; sourceTree = "<group>"; };
		B29C702A2A35C5E30046873E /* recoraddic.app */ = {isa = PBXFileReference; explicitFileType = wrapper.application; includeInIndex = 0; path = recoraddic.app; sourceTree = BUILT_PRODUCTS_DIR; };
		B29C702D2A35C5E30046873E /* recoraddicApp.swift */ = {isa = PBXFileReference; lastKnownFileType = sourcecode.swift; path = recoraddicApp.swift; sourceTree = "<group>"; };
		B29C702F2A35C5E30046873E /* ContentView.swift */ = {isa = PBXFileReference; lastKnownFileType = sourcecode.swift; path = ContentView.swift; sourceTree = "<group>"; };
		B29C70312A35C5E40046873E /* Assets.xcassets */ = {isa = PBXFileReference; lastKnownFileType = folder.assetcatalog; path = Assets.xcassets; sourceTree = "<group>"; };
		B29C70332A35C5E40046873E /* recoraddic.entitlements */ = {isa = PBXFileReference; lastKnownFileType = text.plist.entitlements; path = recoraddic.entitlements; sourceTree = "<group>"; };
		B29C70352A35C5E40046873E /* Preview Assets.xcassets */ = {isa = PBXFileReference; lastKnownFileType = folder.assetcatalog; path = "Preview Assets.xcassets"; sourceTree = "<group>"; };
		B2A8FA9A2B3BF6CC00B3C1C1 /* facialExpression.xcassets */ = {isa = PBXFileReference; lastKnownFileType = folder.assetcatalog; path = facialExpression.xcassets; sourceTree = "<group>"; };
		B2ABB25C2B10BBDE00870DE0 /* PopupViewLayout.swift */ = {isa = PBXFileReference; lastKnownFileType = sourcecode.swift; path = PopupViewLayout.swift; sourceTree = "<group>"; };
		B2ABC2642B4293680056C637 /* purposeTags.swift */ = {isa = PBXFileReference; lastKnownFileType = sourcecode.swift; path = purposeTags.swift; sourceTree = "<group>"; };
		B2ABC2662B42A2C50056C637 /* purposeImage.xcassets */ = {isa = PBXFileReference; lastKnownFileType = folder.assetcatalog; path = purposeImage.xcassets; sourceTree = "<group>"; };
		B2AECB862B4EDA4F0020A937 /* ExampleData.swift */ = {isa = PBXFileReference; lastKnownFileType = sourcecode.swift; path = ExampleData.swift; sourceTree = "<group>"; };
		B2AECB882B5139F90020A937 /* DismissingKeyboard.swift */ = {isa = PBXFileReference; lastKnownFileType = sourcecode.swift; path = DismissingKeyboard.swift; sourceTree = "<group>"; };
		B2B28DB22AC5D69D0071531B /* MainView_ProfileAndSettings.swift */ = {isa = PBXFileReference; fileEncoding = 4; lastKnownFileType = sourcecode.swift; path = MainView_ProfileAndSettings.swift; sourceTree = "<group>"; };
		B2B6B1912B47F8F3006DDCBE /* defaultImages.xcassets */ = {isa = PBXFileReference; lastKnownFileType = folder.assetcatalog; path = defaultImages.xcassets; sourceTree = "<group>"; };
		B2BA88F92B2B0D4500A3D50E /* defaultVariables.swift */ = {isa = PBXFileReference; lastKnownFileType = sourcecode.swift; path = defaultVariables.swift; sourceTree = "<group>"; };
		B2BA88FC2B2F171600A3D50E /* AddQuestCheckboxDataView.swift */ = {isa = PBXFileReference; lastKnownFileType = sourcecode.swift; path = AddQuestCheckboxDataView.swift; sourceTree = "<group>"; };
		B2BA88FE2B2F172200A3D50E /* AddEventView.swift */ = {isa = PBXFileReference; lastKnownFileType = sourcecode.swift; path = AddEventView.swift; sourceTree = "<group>"; };
		B2BA89002B2F172E00A3D50E /* AddDiaryView.swift */ = {isa = PBXFileReference; lastKnownFileType = sourcecode.swift; path = AddDiaryView.swift; sourceTree = "<group>"; };
		B2BA89022B30A71C00A3D50E /* QuestCheckBoxView.swift */ = {isa = PBXFileReference; lastKnownFileType = sourcecode.swift; path = QuestCheckBoxView.swift; sourceTree = "<group>"; };
		B2BA89042B30A73100A3D50E /* EventCheckBoxView.swift */ = {isa = PBXFileReference; lastKnownFileType = sourcecode.swift; path = EventCheckBoxView.swift; sourceTree = "<group>"; };
		B2BA89062B32CA5600A3D50E /* textFieldMaxLength.swift */ = {isa = PBXFileReference; lastKnownFileType = sourcecode.swift; path = textFieldMaxLength.swift; sourceTree = "<group>"; };
		B2BA89092B32E0EB00A3D50E /* DiaryView.swift */ = {isa = PBXFileReference; lastKnownFileType = sourcecode.swift; path = DiaryView.swift; sourceTree = "<group>"; };
		B2BA890F2B36BDC600A3D50E /* SaveDailyRecordView.swift */ = {isa = PBXFileReference; lastKnownFileType = sourcecode.swift; path = SaveDailyRecordView.swift; sourceTree = "<group>"; };
		B2BAEDD82AE65DD50099489B /* steppedForward_default.xcassets */ = {isa = PBXFileReference; lastKnownFileType = folder.assetcatalog; path = steppedForward_default.xcassets; sourceTree = "<group>"; };
		B2CD40072BB2CE9100BECC5E /* StoneTower1_stones.swift */ = {isa = PBXFileReference; lastKnownFileType = sourcecode.swift; path = StoneTower1_stones.swift; sourceTree = "<group>"; };
		B2D7AD022B91C5440045C9EA /* SyncManager.swift */ = {isa = PBXFileReference; lastKnownFileType = sourcecode.swift; path = SyncManager.swift; sourceTree = "<group>"; };
		B2D7AD042B92E29D0045C9EA /* logger.swift */ = {isa = PBXFileReference; lastKnownFileType = sourcecode.swift; path = logger.swift; sourceTree = "<group>"; };
		B2D7AD072B9451920045C9EA /* StartNewRecordSet.swift */ = {isa = PBXFileReference; lastKnownFileType = sourcecode.swift; path = StartNewRecordSet.swift; sourceTree = "<group>"; };
		B2D8F9682B73AA6A00423AFC /* Localizable.xcstrings */ = {isa = PBXFileReference; lastKnownFileType = text.json.xcstrings; path = Localizable.xcstrings; sourceTree = "<group>"; };
		B2D8F96A2B7533D700423AFC /* fires.xcassets */ = {isa = PBXFileReference; lastKnownFileType = folder.assetcatalog; path = fires.xcassets; sourceTree = "<group>"; };
		B2D8F96C2B75ECB800423AFC /* FireView.swift */ = {isa = PBXFileReference; lastKnownFileType = sourcecode.swift; path = FireView.swift; sourceTree = "<group>"; };
		B2D8F96E2B75F46A00423AFC /* dataFunctions.swift */ = {isa = PBXFileReference; lastKnownFileType = sourcecode.swift; path = dataFunctions.swift; sourceTree = "<group>"; };
		B2E1AB702B24D6E300EBF359 /* TextFieldForHour.swift */ = {isa = PBXFileReference; lastKnownFileType = sourcecode.swift; path = TextFieldForHour.swift; sourceTree = "<group>"; };
		B2E552272BC297A400ACA5A8 /* StoneTower_0.swift */ = {isa = PBXFileReference; lastKnownFileType = sourcecode.swift; path = StoneTower_0.swift; sourceTree = "<group>"; };
		B2E5522A2BC2989000ACA5A8 /* stoneTower_shared.swift */ = {isa = PBXFileReference; lastKnownFileType = sourcecode.swift; path = stoneTower_shared.swift; sourceTree = "<group>"; };
		B2E5522E2BC29E2700ACA5A8 /* StoneTower_0_sharedFunc.swift */ = {isa = PBXFileReference; lastKnownFileType = sourcecode.swift; path = StoneTower_0_sharedFunc.swift; sourceTree = "<group>"; };
		B2F758A82B812FB2002A3B80 /* Info.plist */ = {isa = PBXFileReference; lastKnownFileType = text.plist; path = Info.plist; sourceTree = "<group>"; };
		B2FB21FF2B1367DC00AB17FA /* buttonsView.swift */ = {isa = PBXFileReference; lastKnownFileType = sourcecode.swift; path = buttonsView.swift; sourceTree = "<group>"; };
		B2FB726E2A8762810012EBE1 /* customArrayFunc.swift */ = {isa = PBXFileReference; lastKnownFileType = sourcecode.swift; path = customArrayFunc.swift; sourceTree = "<group>"; };
/* End PBXFileReference section */

/* Begin PBXFrameworksBuildPhase section */
		B29C70272A35C5E30046873E /* Frameworks */ = {
			isa = PBXFrameworksBuildPhase;
			buildActionMask = 2147483647;
			files = (
			);
			runOnlyForDeploymentPostprocessing = 0;
		};
/* End PBXFrameworksBuildPhase section */

/* Begin PBXGroup section */
		B220DA3D2B63AE990039160C /* themes */ = {
			isa = PBXGroup;
			children = (
				B2E552252BC2976800ACA5A8 /* stoneTower */,
			);
			path = themes;
			sourceTree = "<group>";
		};
		B220DA3E2B63B57E0039160C /* stoneTower_default1 */ = {
			isa = PBXGroup;
			children = (
				B220DA392B6261460039160C /* StoneTower_1.swift */,
				B220DA412B6426880039160C /* StoneTower_1_sharedFunc.swift */,
				B2CD40072BB2CE9100BECC5E /* StoneTower1_stones.swift */,
			);
			path = stoneTower_default1;
			sourceTree = "<group>";
		};
		B220DA472B652AA60039160C /* tmp */ = {
			isa = PBXGroup;
			children = (
				B2BAEDD82AE65DD50099489B /* steppedForward_default.xcassets */,
				B265D2842B049FBA002E51A8 /* theme.swift */,
			);
			path = tmp;
			sourceTree = "<group>";
		};
		B247D2492A6D1D6400E457FB /* functions */ = {
			isa = PBXGroup;
			children = (
				B247D24A2A6D1DA100E457FB /* customMathFunc.swift */,
				B2FB726E2A8762810012EBE1 /* customArrayFunc.swift */,
				B283397C2AFB97E9009AEB2A /* calendarFunc.swift */,
				B265D26B2B032D30002E51A8 /* randomColorFunc.swift */,
				B265D27C2B0497D0002E51A8 /* callTheme.swift */,
				B220DA2D2B612EB60039160C /* colorFunc.swift */,
				B27CBB582BA41E6C00CD6CD3 /* recalculateVisualValues_dr.swift */,
			);
			path = functions;
			sourceTree = "<group>";
		};
		B2600B002A35DEEC00E00D91 /* mainViews */ = {
			isa = PBXGroup;
			children = (
				B260A3922A9B8B7600D73208 /* QuestInventory */,
				B260A38F2A9B870100D73208 /* Checklist */,
				B260A3982A9C758E00D73208 /* SeeMyDailyRecord */,
				B2B28DB12AC5D69D0071531B /* ProfileAndSettings */,
			);
			path = mainViews;
			sourceTree = "<group>";
		};
		B2600B122A3AE16700E00D91 /* Data */ = {
			isa = PBXGroup;
			children = (
				B27A5CED2B14764A0042ADF6 /* dataType.swift */,
				B262F2422A86460E00868F27 /* rawData.swift */,
				B265D27A2B04976E002E51A8 /* themeData.swift */,
				B262F2442A86464700868F27 /* metaData.swift */,
				B262F2462A86466700868F27 /* uiData.swift */,
				B262F2482A86467E00868F27 /* simpleMetaData.swift */,
				B2D8F96E2B75F46A00423AFC /* dataFunctions.swift */,
				B260A39D2A9C7FAA00D73208 /* note.md */,
			);
			path = Data;
			sourceTree = "<group>";
		};
		B260A38F2A9B870100D73208 /* Checklist */ = {
			isa = PBXGroup;
			children = (
				B2BA89082B32E0CD00A3D50E /* CheckListElements */,
				B2BA88FB2B2F16FB00A3D50E /* PopUpViews */,
				B260A3902A9B88AE00D73208 /* MainView_checklist.swift */,
			);
			path = Checklist;
			sourceTree = "<group>";
		};
		B260A3922A9B8B7600D73208 /* QuestInventory */ = {
			isa = PBXGroup;
			children = (
				B260A3932A9B8B8F00D73208 /* MainView_QuestInventory.swift */,
				B2102B132BA5CCCD0041C8FB /* QuestStatisticsInDetail.swift */,
			);
			path = QuestInventory;
			sourceTree = "<group>";
		};
		B260A3982A9C758E00D73208 /* SeeMyDailyRecord */ = {
			isa = PBXGroup;
			children = (
				B2D7AD062B94512F0045C9EA /* PopUpViews */,
				B220DA3D2B63AE990039160C /* themes */,
				B260A3992A9C759B00D73208 /* MainView_SeeMyDailyRecord.swift */,
				B209022F2B94577700B26E8B /* recalculateVisualValues_drs.swift */,
			);
			path = SeeMyDailyRecord;
			sourceTree = "<group>";
		};
		B265D26E2B033DA6002E51A8 /* imageInsets */ = {
			isa = PBXGroup;
			children = (
				B2ABC2662B42A2C50056C637 /* purposeImage.xcassets */,
				B2314BBE2AF4DD7400EDD5C7 /* stone_default1.xcassets */,
				B27A5CF02B15C9D50042ADF6 /* questBar.xcassets */,
				B2A8FA9A2B3BF6CC00B3C1C1 /* facialExpression.xcassets */,
				B2B6B1912B47F8F3006DDCBE /* defaultImages.xcassets */,
				B2D8F96A2B7533D700423AFC /* fires.xcassets */,
			);
			path = imageInsets;
			sourceTree = "<group>";
		};
		B265D2732B0495A0002E51A8 /* shared */ = {
			isa = PBXGroup;
			children = (
				B265D26E2B033DA6002E51A8 /* imageInsets */,
				B2BA88F92B2B0D4500A3D50E /* defaultVariables.swift */,
				B265D2802B049DF9002E51A8 /* dailyRecordStoneAction.swift */,
				B2ABB25C2B10BBDE00870DE0 /* PopupViewLayout.swift */,
				B2FB21FF2B1367DC00AB17FA /* buttonsView.swift */,
				B25BF9042B1C886E0039F1F9 /* ResizableText.swift */,
				B2E1AB702B24D6E300EBF359 /* TextFieldForHour.swift */,
				B2BA89062B32CA5600A3D50E /* textFieldMaxLength.swift */,
				B2AECB882B5139F90020A937 /* DismissingKeyboard.swift */,
				B2ABC2642B4293680056C637 /* purposeTags.swift */,
				B220DA452B6524F50039160C /* themeNames.swift */,
				B2D8F96C2B75ECB800423AFC /* FireView.swift */,
			);
			path = shared;
			sourceTree = "<group>";
		};
		B29C70212A35C5E30046873E = {
			isa = PBXGroup;
			children = (
				B234C6EC2BC564CA0031BAD7 /* LICENSE */,
				B2314BBA2AECD7DB00EDD5C7 /* idea&plan&simpleNote.md */,
				B2600B062A35E1FF00E00D91 /* what_I_learned.md */,
				B29C702C2A35C5E30046873E /* recoraddic */,
				B29C702B2A35C5E30046873E /* Products */,
			);
			sourceTree = "<group>";
		};
		B29C702B2A35C5E30046873E /* Products */ = {
			isa = PBXGroup;
			children = (
				B29C702A2A35C5E30046873E /* recoraddic.app */,
			);
			name = Products;
			sourceTree = "<group>";
		};
		B29C702C2A35C5E30046873E /* recoraddic */ = {
			isa = PBXGroup;
			children = (
				B2F758A82B812FB2002A3B80 /* Info.plist */,
				B2D8F9682B73AA6A00423AFC /* Localizable.xcstrings */,
				B220DA472B652AA60039160C /* tmp */,
				B265D2732B0495A0002E51A8 /* shared */,
				B247D2492A6D1D6400E457FB /* functions */,
				B2600B122A3AE16700E00D91 /* Data */,
				B2600B002A35DEEC00E00D91 /* mainViews */,
				B29C702D2A35C5E30046873E /* recoraddicApp.swift */,
				B2D7AD022B91C5440045C9EA /* SyncManager.swift */,
				B29C702F2A35C5E30046873E /* ContentView.swift */,
				B2AECB862B4EDA4F0020A937 /* ExampleData.swift */,
				B2D7AD042B92E29D0045C9EA /* logger.swift */,
				B29C70312A35C5E40046873E /* Assets.xcassets */,
				B29C70332A35C5E40046873E /* recoraddic.entitlements */,
				B29C70342A35C5E40046873E /* Preview Content */,
			);
			path = recoraddic;
			sourceTree = "<group>";
		};
		B29C70342A35C5E40046873E /* Preview Content */ = {
			isa = PBXGroup;
			children = (
				B29C70352A35C5E40046873E /* Preview Assets.xcassets */,
			);
			path = "Preview Content";
			sourceTree = "<group>";
		};
		B2B28DB12AC5D69D0071531B /* ProfileAndSettings */ = {
			isa = PBXGroup;
			children = (
				B2B28DB22AC5D69D0071531B /* MainView_ProfileAndSettings.swift */,
			);
			path = ProfileAndSettings;
			sourceTree = "<group>";
		};
		B2BA88FB2B2F16FB00A3D50E /* PopUpViews */ = {
			isa = PBXGroup;
			children = (
				B2BA88FC2B2F171600A3D50E /* AddQuestCheckboxDataView.swift */,
				B2BA88FE2B2F172200A3D50E /* AddEventView.swift */,
				B2BA89002B2F172E00A3D50E /* AddDiaryView.swift */,
				B2BA890F2B36BDC600A3D50E /* SaveDailyRecordView.swift */,
			);
			path = PopUpViews;
			sourceTree = "<group>";
		};
		B2BA89082B32E0CD00A3D50E /* CheckListElements */ = {
			isa = PBXGroup;
			children = (
				B2BA89022B30A71C00A3D50E /* QuestCheckBoxView.swift */,
				B2BA89042B30A73100A3D50E /* EventCheckBoxView.swift */,
				B2BA89092B32E0EB00A3D50E /* DiaryView.swift */,
			);
			path = CheckListElements;
			sourceTree = "<group>";
		};
		B2D7AD062B94512F0045C9EA /* PopUpViews */ = {
			isa = PBXGroup;
			children = (
				B220DA3B2B6268260039160C /* RecordInDetailView.swift */,
				B2D7AD072B9451920045C9EA /* StartNewRecordSet.swift */,
			);
			path = PopUpViews;
			sourceTree = "<group>";
		};
		B2E552252BC2976800ACA5A8 /* stoneTower */ = {
			isa = PBXGroup;
			children = (
				B2E552292BC2982700ACA5A8 /* shared */,
				B2E552262BC2977800ACA5A8 /* stoneTower_default0 */,
				B220DA3E2B63B57E0039160C /* stoneTower_default1 */,
			);
			path = stoneTower;
			sourceTree = "<group>";
		};
		B2E552262BC2977800ACA5A8 /* stoneTower_default0 */ = {
			isa = PBXGroup;
			children = (
				B2E552272BC297A400ACA5A8 /* StoneTower_0.swift */,
				B2E5522E2BC29E2700ACA5A8 /* StoneTower_0_sharedFunc.swift */,
				B2030E042BCCF0F600CE0EDF /* StoneTower_0_stone.swift */,
			);
			path = stoneTower_default0;
			sourceTree = "<group>";
		};
		B2E552292BC2982700ACA5A8 /* shared */ = {
			isa = PBXGroup;
			children = (
				B220DA432B6519C20039160C /* stoneTower_backgroundThemes.swift */,
				B2E5522A2BC2989000ACA5A8 /* stoneTower_shared.swift */,
			);
			path = shared;
			sourceTree = "<group>";
		};
/* End PBXGroup section */

/* Begin PBXNativeTarget section */
		B29C70292A35C5E30046873E /* recoraddic */ = {
			isa = PBXNativeTarget;
			buildConfigurationList = B29C70392A35C5E40046873E /* Build configuration list for PBXNativeTarget "recoraddic" */;
			buildPhases = (
				B29C70262A35C5E30046873E /* Sources */,
				B29C70272A35C5E30046873E /* Frameworks */,
				B29C70282A35C5E30046873E /* Resources */,
			);
			buildRules = (
			);
			dependencies = (
			);
			name = recoraddic;
			productName = recoraddiction;
			productReference = B29C702A2A35C5E30046873E /* recoraddic.app */;
			productType = "com.apple.product-type.application";
		};
/* End PBXNativeTarget section */

/* Begin PBXProject section */
		B29C70222A35C5E30046873E /* Project object */ = {
			isa = PBXProject;
			attributes = {
				BuildIndependentTargetsInParallel = 1;
				LastSwiftUpdateCheck = 1430;
				LastUpgradeCheck = 1500;
				TargetAttributes = {
					B29C70292A35C5E30046873E = {
						CreatedOnToolsVersion = 14.3.1;
					};
				};
			};
			buildConfigurationList = B29C70252A35C5E30046873E /* Build configuration list for PBXProject "recoraddic" */;
			compatibilityVersion = "Xcode 15.0";
			developmentRegion = ko;
			hasScannedForEncodings = 0;
			knownRegions = (
				en,
				Base,
				ko,
			);
			mainGroup = B29C70212A35C5E30046873E;
			productRefGroup = B29C702B2A35C5E30046873E /* Products */;
			projectDirPath = "";
			projectRoot = "";
			targets = (
				B29C70292A35C5E30046873E /* recoraddic */,
			);
		};
/* End PBXProject section */

/* Begin PBXResourcesBuildPhase section */
		B29C70282A35C5E30046873E /* Resources */ = {
			isa = PBXResourcesBuildPhase;
			buildActionMask = 2147483647;
			files = (
				B2314BBF2AF4DD7400EDD5C7 /* stone_default1.xcassets in Resources */,
				B29C70362A35C5E40046873E /* Preview Assets.xcassets in Resources */,
				B27A5CF12B15C9D50042ADF6 /* questBar.xcassets in Resources */,
				B2D8F96B2B7533D700423AFC /* fires.xcassets in Resources */,
				B2ABC2672B42A2C50056C637 /* purposeImage.xcassets in Resources */,
				B2BAEDD92AE65DD50099489B /* steppedForward_default.xcassets in Resources */,
				B2D8F9692B73AA6A00423AFC /* Localizable.xcstrings in Resources */,
				B2B6B1922B47F8F3006DDCBE /* defaultImages.xcassets in Resources */,
				B29C70322A35C5E40046873E /* Assets.xcassets in Resources */,
				B2A8FA9B2B3BF6CC00B3C1C1 /* facialExpression.xcassets in Resources */,
			);
			runOnlyForDeploymentPostprocessing = 0;
		};
/* End PBXResourcesBuildPhase section */

/* Begin PBXSourcesBuildPhase section */
		B29C70262A35C5E30046873E /* Sources */ = {
			isa = PBXSourcesBuildPhase;
			buildActionMask = 2147483647;
			files = (
				B2BA89072B32CA5600A3D50E /* textFieldMaxLength.swift in Sources */,
				B260A39A2A9C759B00D73208 /* MainView_SeeMyDailyRecord.swift in Sources */,
				B2AECB872B4EDA4F0020A937 /* ExampleData.swift in Sources */,
				B265D2852B049FBA002E51A8 /* theme.swift in Sources */,
				B220DA2E2B612EB60039160C /* colorFunc.swift in Sources */,
				B2E5522B2BC2989000ACA5A8 /* stoneTower_shared.swift in Sources */,
				B2030E052BCCF0F600CE0EDF /* StoneTower_0_stone.swift in Sources */,
				B2E1AB712B24D6E300EBF359 /* TextFieldForHour.swift in Sources */,
				B283397D2AFB97E9009AEB2A /* calendarFunc.swift in Sources */,
				B2D7AD082B9451920045C9EA /* StartNewRecordSet.swift in Sources */,
				B27A5CEE2B14764A0042ADF6 /* dataType.swift in Sources */,
				B2AECB892B5139F90020A937 /* DismissingKeyboard.swift in Sources */,
				B2D8F96F2B75F46A00423AFC /* dataFunctions.swift in Sources */,
				B220DA422B6426880039160C /* StoneTower_1_sharedFunc.swift in Sources */,
				B20902302B94577700B26E8B /* recalculateVisualValues_drs.swift in Sources */,
				B2D7AD032B91C5440045C9EA /* SyncManager.swift in Sources */,
				B220DA462B6524F50039160C /* themeNames.swift in Sources */,
				B29C70302A35C5E30046873E /* ContentView.swift in Sources */,
				B2E5522F2BC29E2700ACA5A8 /* StoneTower_0_sharedFunc.swift in Sources */,
				B2FB726F2A8762810012EBE1 /* customArrayFunc.swift in Sources */,
				B220DA3A2B6261460039160C /* StoneTower_1.swift in Sources */,
				B2102B142BA5CCCD0041C8FB /* QuestStatisticsInDetail.swift in Sources */,
				B2CD40082BB2CE9100BECC5E /* StoneTower1_stones.swift in Sources */,
				B2BA88FF2B2F172200A3D50E /* AddEventView.swift in Sources */,
				B2BA89052B30A73100A3D50E /* EventCheckBoxView.swift in Sources */,
				B2E552282BC297A400ACA5A8 /* StoneTower_0.swift in Sources */,
				B260A3912A9B88AE00D73208 /* MainView_checklist.swift in Sources */,
				B2BA88FD2B2F171600A3D50E /* AddQuestCheckboxDataView.swift in Sources */,
				B29C702E2A35C5E30046873E /* recoraddicApp.swift in Sources */,
				B2BA89102B36BDC600A3D50E /* SaveDailyRecordView.swift in Sources */,
				B265D26C2B032D30002E51A8 /* randomColorFunc.swift in Sources */,
				B260A3942A9B8B8F00D73208 /* MainView_QuestInventory.swift in Sources */,
				B2BA890A2B32E0EB00A3D50E /* DiaryView.swift in Sources */,
				B27CBB592BA41E6C00CD6CD3 /* recalculateVisualValues_dr.swift in Sources */,
				B262F2432A86460E00868F27 /* rawData.swift in Sources */,
				B247D24B2A6D1DA100E457FB /* customMathFunc.swift in Sources */,
				B2BA89032B30A71C00A3D50E /* QuestCheckBoxView.swift in Sources */,
				B25BF9052B1C886E0039F1F9 /* ResizableText.swift in Sources */,
				B265D27D2B0497D0002E51A8 /* callTheme.swift in Sources */,
				B262F2492A86467E00868F27 /* simpleMetaData.swift in Sources */,
				B220DA3C2B6268260039160C /* RecordInDetailView.swift in Sources */,
				B2BA88FA2B2B0D4500A3D50E /* defaultVariables.swift in Sources */,
				B265D2812B049DF9002E51A8 /* dailyRecordStoneAction.swift in Sources */,
				B2B28DBD2AC5D69D0071531B /* MainView_ProfileAndSettings.swift in Sources */,
				B2FB22002B1367DC00AB17FA /* buttonsView.swift in Sources */,
				B220DA442B6519C20039160C /* stoneTower_backgroundThemes.swift in Sources */,
				B265D27B2B04976E002E51A8 /* themeData.swift in Sources */,
				B2D7AD052B92E29D0045C9EA /* logger.swift in Sources */,
				B2ABB25D2B10BBDE00870DE0 /* PopupViewLayout.swift in Sources */,
				B2D8F96D2B75ECB800423AFC /* FireView.swift in Sources */,
				B2ABC2652B4293680056C637 /* purposeTags.swift in Sources */,
				B2BA89012B2F172E00A3D50E /* AddDiaryView.swift in Sources */,
				B262F2452A86464700868F27 /* metaData.swift in Sources */,
				B262F2472A86466700868F27 /* uiData.swift in Sources */,
			);
			runOnlyForDeploymentPostprocessing = 0;
		};
/* End PBXSourcesBuildPhase section */

/* Begin XCBuildConfiguration section */
		B29C70372A35C5E40046873E /* Debug */ = {
			isa = XCBuildConfiguration;
			buildSettings = {
				ALWAYS_SEARCH_USER_PATHS = NO;
				ASSETCATALOG_COMPILER_GENERATE_SWIFT_ASSET_SYMBOL_EXTENSIONS = YES;
				CLANG_ANALYZER_NONNULL = YES;
				CLANG_ANALYZER_NUMBER_OBJECT_CONVERSION = YES_AGGRESSIVE;
				CLANG_CXX_LANGUAGE_STANDARD = "gnu++20";
				CLANG_ENABLE_MODULES = YES;
				CLANG_ENABLE_OBJC_ARC = YES;
				CLANG_ENABLE_OBJC_WEAK = YES;
				CLANG_WARN_BLOCK_CAPTURE_AUTORELEASING = YES;
				CLANG_WARN_BOOL_CONVERSION = YES;
				CLANG_WARN_COMMA = YES;
				CLANG_WARN_CONSTANT_CONVERSION = YES;
				CLANG_WARN_DEPRECATED_OBJC_IMPLEMENTATIONS = YES;
				CLANG_WARN_DIRECT_OBJC_ISA_USAGE = YES_ERROR;
				CLANG_WARN_DOCUMENTATION_COMMENTS = YES;
				CLANG_WARN_EMPTY_BODY = YES;
				CLANG_WARN_ENUM_CONVERSION = YES;
				CLANG_WARN_INFINITE_RECURSION = YES;
				CLANG_WARN_INT_CONVERSION = YES;
				CLANG_WARN_NON_LITERAL_NULL_CONVERSION = YES;
				CLANG_WARN_OBJC_IMPLICIT_RETAIN_SELF = YES;
				CLANG_WARN_OBJC_LITERAL_CONVERSION = YES;
				CLANG_WARN_OBJC_ROOT_CLASS = YES_ERROR;
				CLANG_WARN_QUOTED_INCLUDE_IN_FRAMEWORK_HEADER = YES;
				CLANG_WARN_RANGE_LOOP_ANALYSIS = YES;
				CLANG_WARN_STRICT_PROTOTYPES = YES;
				CLANG_WARN_SUSPICIOUS_MOVE = YES;
				CLANG_WARN_UNGUARDED_AVAILABILITY = YES_AGGRESSIVE;
				CLANG_WARN_UNREACHABLE_CODE = YES;
				CLANG_WARN__DUPLICATE_METHOD_MATCH = YES;
				COPY_PHASE_STRIP = NO;
				DEAD_CODE_STRIPPING = YES;
				DEBUG_INFORMATION_FORMAT = dwarf;
				ENABLE_STRICT_OBJC_MSGSEND = YES;
				ENABLE_TESTABILITY = YES;
				ENABLE_USER_SCRIPT_SANDBOXING = YES;
				GCC_C_LANGUAGE_STANDARD = gnu11;
				GCC_DYNAMIC_NO_PIC = NO;
				GCC_NO_COMMON_BLOCKS = YES;
				GCC_OPTIMIZATION_LEVEL = 0;
				GCC_PREPROCESSOR_DEFINITIONS = (
					"DEBUG=1",
					"$(inherited)",
				);
				GCC_WARN_64_TO_32_BIT_CONVERSION = YES;
				GCC_WARN_ABOUT_RETURN_TYPE = YES_ERROR;
				GCC_WARN_UNDECLARED_SELECTOR = YES;
				GCC_WARN_UNINITIALIZED_AUTOS = YES_AGGRESSIVE;
				GCC_WARN_UNUSED_FUNCTION = YES;
				GCC_WARN_UNUSED_VARIABLE = YES;
				INFOPLIST_KEY_UISupportedInterfaceOrientations_iPhone = UIInterfaceOrientationPortrait;
				MTL_ENABLE_DEBUG_INFO = INCLUDE_SOURCE;
				MTL_FAST_MATH = YES;
				ONLY_ACTIVE_ARCH = YES;
				SWIFT_ACTIVE_COMPILATION_CONDITIONS = DEBUG;
				SWIFT_EMIT_LOC_STRINGS = YES;
				SWIFT_OPTIMIZATION_LEVEL = "-Onone";
			};
			name = Debug;
		};
		B29C70382A35C5E40046873E /* Release */ = {
			isa = XCBuildConfiguration;
			buildSettings = {
				ALWAYS_SEARCH_USER_PATHS = NO;
				ASSETCATALOG_COMPILER_GENERATE_SWIFT_ASSET_SYMBOL_EXTENSIONS = YES;
				CLANG_ANALYZER_NONNULL = YES;
				CLANG_ANALYZER_NUMBER_OBJECT_CONVERSION = YES_AGGRESSIVE;
				CLANG_CXX_LANGUAGE_STANDARD = "gnu++20";
				CLANG_ENABLE_MODULES = YES;
				CLANG_ENABLE_OBJC_ARC = YES;
				CLANG_ENABLE_OBJC_WEAK = YES;
				CLANG_WARN_BLOCK_CAPTURE_AUTORELEASING = YES;
				CLANG_WARN_BOOL_CONVERSION = YES;
				CLANG_WARN_COMMA = YES;
				CLANG_WARN_CONSTANT_CONVERSION = YES;
				CLANG_WARN_DEPRECATED_OBJC_IMPLEMENTATIONS = YES;
				CLANG_WARN_DIRECT_OBJC_ISA_USAGE = YES_ERROR;
				CLANG_WARN_DOCUMENTATION_COMMENTS = YES;
				CLANG_WARN_EMPTY_BODY = YES;
				CLANG_WARN_ENUM_CONVERSION = YES;
				CLANG_WARN_INFINITE_RECURSION = YES;
				CLANG_WARN_INT_CONVERSION = YES;
				CLANG_WARN_NON_LITERAL_NULL_CONVERSION = YES;
				CLANG_WARN_OBJC_IMPLICIT_RETAIN_SELF = YES;
				CLANG_WARN_OBJC_LITERAL_CONVERSION = YES;
				CLANG_WARN_OBJC_ROOT_CLASS = YES_ERROR;
				CLANG_WARN_QUOTED_INCLUDE_IN_FRAMEWORK_HEADER = YES;
				CLANG_WARN_RANGE_LOOP_ANALYSIS = YES;
				CLANG_WARN_STRICT_PROTOTYPES = YES;
				CLANG_WARN_SUSPICIOUS_MOVE = YES;
				CLANG_WARN_UNGUARDED_AVAILABILITY = YES_AGGRESSIVE;
				CLANG_WARN_UNREACHABLE_CODE = YES;
				CLANG_WARN__DUPLICATE_METHOD_MATCH = YES;
				COPY_PHASE_STRIP = NO;
				DEAD_CODE_STRIPPING = YES;
				DEBUG_INFORMATION_FORMAT = "dwarf-with-dsym";
				ENABLE_NS_ASSERTIONS = NO;
				ENABLE_STRICT_OBJC_MSGSEND = YES;
				ENABLE_USER_SCRIPT_SANDBOXING = YES;
				GCC_C_LANGUAGE_STANDARD = gnu11;
				GCC_NO_COMMON_BLOCKS = YES;
				GCC_WARN_64_TO_32_BIT_CONVERSION = YES;
				GCC_WARN_ABOUT_RETURN_TYPE = YES_ERROR;
				GCC_WARN_UNDECLARED_SELECTOR = YES;
				GCC_WARN_UNINITIALIZED_AUTOS = YES_AGGRESSIVE;
				GCC_WARN_UNUSED_FUNCTION = YES;
				GCC_WARN_UNUSED_VARIABLE = YES;
				INFOPLIST_KEY_UISupportedInterfaceOrientations_iPhone = UIInterfaceOrientationPortrait;
				MTL_ENABLE_DEBUG_INFO = NO;
				MTL_FAST_MATH = YES;
				SWIFT_COMPILATION_MODE = wholemodule;
				SWIFT_EMIT_LOC_STRINGS = YES;
				SWIFT_OPTIMIZATION_LEVEL = "-O";
			};
			name = Release;
		};
		B29C703A2A35C5E40046873E /* Debug */ = {
			isa = XCBuildConfiguration;
			buildSettings = {
				ASSETCATALOG_COMPILER_APPICON_NAME = AppIcon;
				ASSETCATALOG_COMPILER_GLOBAL_ACCENT_COLOR_NAME = AccentColor;
				CODE_SIGN_ENTITLEMENTS = recoraddic/recoraddic.entitlements;
				CODE_SIGN_IDENTITY = "Apple Development";
				CODE_SIGN_STYLE = Automatic;
				CURRENT_PROJECT_VERSION = 1;
				DEAD_CODE_STRIPPING = YES;
				DEVELOPMENT_ASSET_PATHS = "\"recoraddic/Preview Content\"";
				DEVELOPMENT_TEAM = K5V8U9HR59;
				ENABLE_HARDENED_RUNTIME = YES;
				ENABLE_PREVIEWS = YES;
				GENERATE_INFOPLIST_FILE = YES;
				INFOPLIST_FILE = recoraddic/Info.plist;
				INFOPLIST_KEY_CFBundleDisplayName = recoraddic;
				INFOPLIST_KEY_LSApplicationCategoryType = "public.app-category.lifestyle";
				"INFOPLIST_KEY_UIApplicationSceneManifest_Generation[sdk=iphoneos*]" = YES;
				"INFOPLIST_KEY_UIApplicationSceneManifest_Generation[sdk=iphonesimulator*]" = YES;
				"INFOPLIST_KEY_UIApplicationSupportsIndirectInputEvents[sdk=iphoneos*]" = YES;
				"INFOPLIST_KEY_UIApplicationSupportsIndirectInputEvents[sdk=iphonesimulator*]" = YES;
				"INFOPLIST_KEY_UILaunchScreen_Generation[sdk=iphoneos*]" = YES;
				"INFOPLIST_KEY_UILaunchScreen_Generation[sdk=iphonesimulator*]" = YES;
				"INFOPLIST_KEY_UIStatusBarStyle[sdk=iphoneos*]" = UIStatusBarStyleDefault;
				"INFOPLIST_KEY_UIStatusBarStyle[sdk=iphonesimulator*]" = UIStatusBarStyleDefault;
				INFOPLIST_KEY_UISupportedInterfaceOrientations = UIInterfaceOrientationPortrait;
				INFOPLIST_KEY_UISupportedInterfaceOrientations_iPhone = UIInterfaceOrientationPortrait;
				IPHONEOS_DEPLOYMENT_TARGET = 17.0;
				LD_RUNPATH_SEARCH_PATHS = "@executable_path/Frameworks";
				"LD_RUNPATH_SEARCH_PATHS[sdk=macosx*]" = "@executable_path/../Frameworks";
				MACOSX_DEPLOYMENT_TARGET = 14.0;
				MARKETING_VERSION = 1.0;
				PRODUCT_BUNDLE_IDENTIFIER = BranchCorp.recoraddic;
				PRODUCT_NAME = "$(TARGET_NAME)";
				PROVISIONING_PROFILE_SPECIFIER = "";
				SDKROOT = auto;
				SUPPORTED_PLATFORMS = "iphoneos iphonesimulator";
				SUPPORTS_MACCATALYST = NO;
				SWIFT_EMIT_LOC_STRINGS = YES;
				SWIFT_VERSION = 5.0;
				TARGETED_DEVICE_FAMILY = 1;
			};
			name = Debug;
		};
		B29C703B2A35C5E40046873E /* Release */ = {
			isa = XCBuildConfiguration;
			buildSettings = {
				ASSETCATALOG_COMPILER_APPICON_NAME = AppIcon;
				ASSETCATALOG_COMPILER_GLOBAL_ACCENT_COLOR_NAME = AccentColor;
				CODE_SIGN_ENTITLEMENTS = recoraddic/recoraddic.entitlements;
				CODE_SIGN_IDENTITY = "Apple Development";
				CODE_SIGN_STYLE = Automatic;
				CURRENT_PROJECT_VERSION = 1;
				DEAD_CODE_STRIPPING = YES;
				DEVELOPMENT_ASSET_PATHS = "\"recoraddic/Preview Content\"";
				DEVELOPMENT_TEAM = K5V8U9HR59;
				ENABLE_HARDENED_RUNTIME = YES;
				ENABLE_PREVIEWS = YES;
				GENERATE_INFOPLIST_FILE = YES;
				INFOPLIST_FILE = recoraddic/Info.plist;
				INFOPLIST_KEY_CFBundleDisplayName = recoraddic;
				INFOPLIST_KEY_LSApplicationCategoryType = "public.app-category.lifestyle";
				"INFOPLIST_KEY_UIApplicationSceneManifest_Generation[sdk=iphoneos*]" = YES;
				"INFOPLIST_KEY_UIApplicationSceneManifest_Generation[sdk=iphonesimulator*]" = YES;
				"INFOPLIST_KEY_UIApplicationSupportsIndirectInputEvents[sdk=iphoneos*]" = YES;
				"INFOPLIST_KEY_UIApplicationSupportsIndirectInputEvents[sdk=iphonesimulator*]" = YES;
				"INFOPLIST_KEY_UILaunchScreen_Generation[sdk=iphoneos*]" = YES;
				"INFOPLIST_KEY_UILaunchScreen_Generation[sdk=iphonesimulator*]" = YES;
				"INFOPLIST_KEY_UIStatusBarStyle[sdk=iphoneos*]" = UIStatusBarStyleDefault;
				"INFOPLIST_KEY_UIStatusBarStyle[sdk=iphonesimulator*]" = UIStatusBarStyleDefault;
				INFOPLIST_KEY_UISupportedInterfaceOrientations = UIInterfaceOrientationPortrait;
				INFOPLIST_KEY_UISupportedInterfaceOrientations_iPhone = UIInterfaceOrientationPortrait;
				IPHONEOS_DEPLOYMENT_TARGET = 17.0;
				LD_RUNPATH_SEARCH_PATHS = "@executable_path/Frameworks";
				"LD_RUNPATH_SEARCH_PATHS[sdk=macosx*]" = "@executable_path/../Frameworks";
				MACOSX_DEPLOYMENT_TARGET = 14.0;
				MARKETING_VERSION = 1.0;
				PRODUCT_BUNDLE_IDENTIFIER = BranchCorp.recoraddic;
				PRODUCT_NAME = "$(TARGET_NAME)";
				PROVISIONING_PROFILE_SPECIFIER = "";
				SDKROOT = auto;
				SUPPORTED_PLATFORMS = "iphoneos iphonesimulator";
				SUPPORTS_MACCATALYST = NO;
				SWIFT_EMIT_LOC_STRINGS = YES;
				SWIFT_VERSION = 5.0;
				TARGETED_DEVICE_FAMILY = 1;
			};
			name = Release;
		};
/* End XCBuildConfiguration section */

/* Begin XCConfigurationList section */
		B29C70252A35C5E30046873E /* Build configuration list for PBXProject "recoraddic" */ = {
			isa = XCConfigurationList;
			buildConfigurations = (
				B29C70372A35C5E40046873E /* Debug */,
				B29C70382A35C5E40046873E /* Release */,
			);
			defaultConfigurationIsVisible = 0;
			defaultConfigurationName = Release;
		};
		B29C70392A35C5E40046873E /* Build configuration list for PBXNativeTarget "recoraddic" */ = {
			isa = XCConfigurationList;
			buildConfigurations = (
				B29C703A2A35C5E40046873E /* Debug */,
				B29C703B2A35C5E40046873E /* Release */,
			);
			defaultConfigurationIsVisible = 0;
			defaultConfigurationName = Release;
		};
/* End XCConfigurationList section */
	};
	rootObject = B29C70222A35C5E30046873E /* Project object */;
}
